
Microsoft Visual Studio Solution File, Format Version 12.00
# Visual Studio Version 16
VisualStudioVersion = 16.0.32901.82
MinimumVisualStudioVersion = 10.0.40219.1
Project("{FAE04EC0-301F-11D3-BF4B-00C04F79EFBC}") = "LawEnforcementMS_WebApp", "LawEnforcementMS_WebApp\LawEnforcementMS_WebApp.csproj", "{CE83A4FC-5019-4086-8ACA-E4AFFC8FA0C2}"
EndProject
Global
	GlobalSection(SolutionConfigurationPlatforms) = preSolution
		Debug|Any CPU = Debug|Any CPU
		Release|Any CPU = Release|Any CPU
	EndGlobalSection
	GlobalSection(ProjectConfigurationPlatforms) = postSolution
		{CE83A4FC-5019-4086-8ACA-E4AFFC8FA0C2}.Debug|Any CPU.ActiveCfg = Debug|Any CPU
		{CE83A4FC-5019-4086-8ACA-E4AFFC8FA0C2}.Debug|Any CPU.Build.0 = Debug|Any CPU
		{CE83A4FC-5019-4086-8ACA-E4AFFC8FA0C2}.Release|Any CPU.ActiveCfg = Release|Any CPU
		{CE83A4FC-5019-4086-8ACA-E4AFFC8FA0C2}.Release|Any CPU.Build.0 = Release|Any CPU
	EndGlobalSection
	GlobalSection(SolutionProperties) = preSolution
		HideSolutionNode = FALSE
	EndGlobalSection
	GlobalSection(ExtensibilityGlobals) = postSolution
		SolutionGuid = {16851A33-98BA-4184-8888-B51C07292052}
	EndGlobalSection
EndGlobal
